// !$*UTF8*$!
{
	archiveVersion = 1;
	classes = {
	};
	objectVersion = 46;
	objects = {

/* Begin PBXBuildFile section */
		43638CEE1CF74AB700A329E0 /* main.m in Sources */ = {isa = PBXBuildFile; fileRef = 43638CED1CF74AB700A329E0 /* main.m */; };
		43638CF11CF74AB700A329E0 /* AppDelegate.m in Sources */ = {isa = PBXBuildFile; fileRef = 43638CF01CF74AB700A329E0 /* AppDelegate.m */; };
		43638CF41CF74AB700A329E0 /* ViewController.m in Sources */ = {isa = PBXBuildFile; fileRef = 43638CF31CF74AB700A329E0 /* ViewController.m */; };
		43638CF71CF74AB700A329E0 /* Main.storyboard in Resources */ = {isa = PBXBuildFile; fileRef = 43638CF51CF74AB700A329E0 /* Main.storyboard */; };
		43638CFA1CF74AB700A329E0 /* Receipts__.xcdatamodeld in Sources */ = {isa = PBXBuildFile; fileRef = 43638CF81CF74AB700A329E0 /* Receipts__.xcdatamodeld */; };
		43638CFC1CF74AB700A329E0 /* Assets.xcassets in Resources */ = {isa = PBXBuildFile; fileRef = 43638CFB1CF74AB700A329E0 /* Assets.xcassets */; };
		43638CFF1CF74AB700A329E0 /* LaunchScreen.storyboard in Resources */ = {isa = PBXBuildFile; fileRef = 43638CFD1CF74AB700A329E0 /* LaunchScreen.storyboard */; };
		43638D081CF7527000A329E0 /* ReceiptViewController.m in Sources */ = {isa = PBXBuildFile; fileRef = 43638D071CF7527000A329E0 /* ReceiptViewController.m */; };
		43638D1F1CF75D5D00A329E0 /* Receipt+CoreDataProperties.m in Sources */ = {isa = PBXBuildFile; fileRef = 43638D181CF75D5D00A329E0 /* Receipt+CoreDataProperties.m */; };
		43638D201CF75D5D00A329E0 /* Receipt.m in Sources */ = {isa = PBXBuildFile; fileRef = 43638D1A1CF75D5D00A329E0 /* Receipt.m */; };
		43638D211CF75D5D00A329E0 /* Tag+CoreDataProperties.m in Sources */ = {isa = PBXBuildFile; fileRef = 43638D1C1CF75D5D00A329E0 /* Tag+CoreDataProperties.m */; };
		43638D221CF75D5D00A329E0 /* Tag.m in Sources */ = {isa = PBXBuildFile; fileRef = 43638D1E1CF75D5D00A329E0 /* Tag.m */; };
/* End PBXBuildFile section */

/* Begin PBXFileReference section */
		43638CE91CF74AB700A329E0 /* Receipts++.app */ = {isa = PBXFileReference; explicitFileType = wrapper.application; includeInIndex = 0; path = "Receipts++.app"; sourceTree = BUILT_PRODUCTS_DIR; };
		43638CED1CF74AB700A329E0 /* main.m */ = {isa = PBXFileReference; lastKnownFileType = sourcecode.c.objc; path = main.m; sourceTree = "<group>"; };
		43638CEF1CF74AB700A329E0 /* AppDelegate.h */ = {isa = PBXFileReference; lastKnownFileType = sourcecode.c.h; path = AppDelegate.h; sourceTree = "<group>"; };
		43638CF01CF74AB700A329E0 /* AppDelegate.m */ = {isa = PBXFileReference; lastKnownFileType = sourcecode.c.objc; path = AppDelegate.m; sourceTree = "<group>"; };
		43638CF21CF74AB700A329E0 /* ViewController.h */ = {isa = PBXFileReference; lastKnownFileType = sourcecode.c.h; path = ViewController.h; sourceTree = "<group>"; };
		43638CF31CF74AB700A329E0 /* ViewController.m */ = {isa = PBXFileReference; lastKnownFileType = sourcecode.c.objc; path = ViewController.m; sourceTree = "<group>"; };
		43638CF61CF74AB700A329E0 /* Base */ = {isa = PBXFileReference; lastKnownFileType = file.storyboard; name = Base; path = Base.lproj/Main.storyboard; sourceTree = "<group>"; };
		43638CF91CF74AB700A329E0 /* Receipts__.xcdatamodel */ = {isa = PBXFileReference; lastKnownFileType = wrapper.xcdatamodel; path = Receipts__.xcdatamodel; sourceTree = "<group>"; };
		43638CFB1CF74AB700A329E0 /* Assets.xcassets */ = {isa = PBXFileReference; lastKnownFileType = folder.assetcatalog; path = Assets.xcassets; sourceTree = "<group>"; };
		43638CFE1CF74AB700A329E0 /* Base */ = {isa = PBXFileReference; lastKnownFileType = file.storyboard; name = Base; path = Base.lproj/LaunchScreen.storyboard; sourceTree = "<group>"; };
		43638D001CF74AB700A329E0 /* Info.plist */ = {isa = PBXFileReference; lastKnownFileType = text.plist.xml; path = Info.plist; sourceTree = "<group>"; };
		43638D061CF7527000A329E0 /* ReceiptViewController.h */ = {isa = PBXFileReference; fileEncoding = 4; lastKnownFileType = sourcecode.c.h; path = ReceiptViewController.h; sourceTree = "<group>"; };
		43638D071CF7527000A329E0 /* ReceiptViewController.m */ = {isa = PBXFileReference; fileEncoding = 4; lastKnownFileType = sourcecode.c.objc; path = ReceiptViewController.m; sourceTree = "<group>"; };
		43638D171CF75D5D00A329E0 /* Receipt+CoreDataProperties.h */ = {isa = PBXFileReference; fileEncoding = 4; lastKnownFileType = sourcecode.c.h; name = "Receipt+CoreDataProperties.h"; path = "../Receipt+CoreDataProperties.h"; sourceTree = "<group>"; };
		43638D181CF75D5D00A329E0 /* Receipt+CoreDataProperties.m */ = {isa = PBXFileReference; fileEncoding = 4; lastKnownFileType = sourcecode.c.objc; name = "Receipt+CoreDataProperties.m"; path = "../Receipt+CoreDataProperties.m"; sourceTree = "<group>"; };
		43638D191CF75D5D00A329E0 /* Receipt.h */ = {isa = PBXFileReference; fileEncoding = 4; lastKnownFileType = sourcecode.c.h; name = Receipt.h; path = ../Receipt.h; sourceTree = "<group>"; };
		43638D1A1CF75D5D00A329E0 /* Receipt.m */ = {isa = PBXFileReference; fileEncoding = 4; lastKnownFileType = sourcecode.c.objc; name = Receipt.m; path = ../Receipt.m; sourceTree = "<group>"; };
		43638D1B1CF75D5D00A329E0 /* Tag+CoreDataProperties.h */ = {isa = PBXFileReference; fileEncoding = 4; lastKnownFileType = sourcecode.c.h; name = "Tag+CoreDataProperties.h"; path = "../Tag+CoreDataProperties.h"; sourceTree = "<group>"; };
		43638D1C1CF75D5D00A329E0 /* Tag+CoreDataProperties.m */ = {isa = PBXFileReference; fileEncoding = 4; lastKnownFileType = sourcecode.c.objc; name = "Tag+CoreDataProperties.m"; path = "../Tag+CoreDataProperties.m"; sourceTree = "<group>"; };
		43638D1D1CF75D5D00A329E0 /* Tag.h */ = {isa = PBXFileReference; fileEncoding = 4; lastKnownFileType = sourcecode.c.h; name = Tag.h; path = ../Tag.h; sourceTree = "<group>"; };
		43638D1E1CF75D5D00A329E0 /* Tag.m */ = {isa = PBXFileReference; fileEncoding = 4; lastKnownFileType = sourcecode.c.objc; name = Tag.m; path = ../Tag.m; sourceTree = "<group>"; };
/* End PBXFileReference section */

/* Begin PBXFrameworksBuildPhase section */
		43638CE61CF74AB700A329E0 /* Frameworks */ = {
			isa = PBXFrameworksBuildPhase;
			buildActionMask = 2147483647;
			files = (
			);
			runOnlyForDeploymentPostprocessing = 0;
		};
/* End PBXFrameworksBuildPhase section */

/* Begin PBXGroup section */
		43638CE01CF74AB700A329E0 = {
			isa = PBXGroup;
			children = (
				43638CEB1CF74AB700A329E0 /* Receipts++ */,
				43638CEA1CF74AB700A329E0 /* Products */,
			);
			sourceTree = "<group>";
		};
		43638CEA1CF74AB700A329E0 /* Products */ = {
			isa = PBXGroup;
			children = (
				43638CE91CF74AB700A329E0 /* Receipts++.app */,
			);
			name = Products;
			sourceTree = "<group>";
		};
		43638CEB1CF74AB700A329E0 /* Receipts++ */ = {
			isa = PBXGroup;
			children = (
				43638CF51CF74AB700A329E0 /* Main.storyboard */,
				43638D0A1CF75B5200A329E0 /* View Controllers */,
				43638D091CF75B4B00A329E0 /* Model */,
				43638CEC1CF74AB700A329E0 /* Supporting Files */,
			);
			path = "Receipts++";
			sourceTree = "<group>";
		};
		43638CEC1CF74AB700A329E0 /* Supporting Files */ = {
			isa = PBXGroup;
			children = (
				43638CEF1CF74AB700A329E0 /* AppDelegate.h */,
				43638CF01CF74AB700A329E0 /* AppDelegate.m */,
				43638CED1CF74AB700A329E0 /* main.m */,
				43638CFB1CF74AB700A329E0 /* Assets.xcassets */,
				43638CFD1CF74AB700A329E0 /* LaunchScreen.storyboard */,
				43638D001CF74AB700A329E0 /* Info.plist */,
			);
			name = "Supporting Files";
			sourceTree = "<group>";
		};
		43638D091CF75B4B00A329E0 /* Model */ = {
			isa = PBXGroup;
			children = (
				43638CF81CF74AB700A329E0 /* Receipts__.xcdatamodeld */,
				43638D171CF75D5D00A329E0 /* Receipt+CoreDataProperties.h */,
				43638D181CF75D5D00A329E0 /* Receipt+CoreDataProperties.m */,
				43638D191CF75D5D00A329E0 /* Receipt.h */,
				43638D1A1CF75D5D00A329E0 /* Receipt.m */,
				43638D1B1CF75D5D00A329E0 /* Tag+CoreDataProperties.h */,
				43638D1C1CF75D5D00A329E0 /* Tag+CoreDataProperties.m */,
				43638D1D1CF75D5D00A329E0 /* Tag.h */,
				43638D1E1CF75D5D00A329E0 /* Tag.m */,
			);
			name = Model;
			sourceTree = "<group>";
		};
		43638D0A1CF75B5200A329E0 /* View Controllers */ = {
			isa = PBXGroup;
			children = (
				43638CF21CF74AB700A329E0 /* ViewController.h */,
				43638CF31CF74AB700A329E0 /* ViewController.m */,
				43638D061CF7527000A329E0 /* ReceiptViewController.h */,
				43638D071CF7527000A329E0 /* ReceiptViewController.m */,
			);
			name = "View Controllers";
			sourceTree = "<group>";
		};
/* End PBXGroup section */

/* Begin PBXNativeTarget section */
		43638CE81CF74AB700A329E0 /* Receipts++ */ = {
			isa = PBXNativeTarget;
			buildConfigurationList = 43638D031CF74AB700A329E0 /* Build configuration list for PBXNativeTarget "Receipts++" */;
			buildPhases = (
				43638CE51CF74AB700A329E0 /* Sources */,
				43638CE61CF74AB700A329E0 /* Frameworks */,
				43638CE71CF74AB700A329E0 /* Resources */,
			);
			buildRules = (
			);
			dependencies = (
			);
			name = "Receipts++";
			productName = "Receipts++";
			productReference = 43638CE91CF74AB700A329E0 /* Receipts++.app */;
			productType = "com.apple.product-type.application";
		};
/* End PBXNativeTarget section */

/* Begin PBXProject section */
		43638CE11CF74AB700A329E0 /* Project object */ = {
			isa = PBXProject;
			attributes = {
				LastUpgradeCheck = 0730;
				ORGANIZATIONNAME = "Anthony Coelho";
				TargetAttributes = {
					43638CE81CF74AB700A329E0 = {
						CreatedOnToolsVersion = 7.3.1;
					};
				};
			};
			buildConfigurationList = 43638CE41CF74AB700A329E0 /* Build configuration list for PBXProject "Receipts++" */;
			compatibilityVersion = "Xcode 3.2";
			developmentRegion = English;
			hasScannedForEncodings = 0;
			knownRegions = (
				en,
				Base,
			);
			mainGroup = 43638CE01CF74AB700A329E0;
			productRefGroup = 43638CEA1CF74AB700A329E0 /* Products */;
			projectDirPath = "";
			projectRoot = "";
			targets = (
				43638CE81CF74AB700A329E0 /* Receipts++ */,
			);
		};
/* End PBXProject section */

/* Begin PBXResourcesBuildPhase section */
		43638CE71CF74AB700A329E0 /* Resources */ = {
			isa = PBXResourcesBuildPhase;
			buildActionMask = 2147483647;
			files = (
				43638CFF1CF74AB700A329E0 /* LaunchScreen.storyboard in Resources */,
				43638CFC1CF74AB700A329E0 /* Assets.xcassets in Resources */,
				43638CF71CF74AB700A329E0 /* Main.storyboard in Resources */,
			);
			runOnlyForDeploymentPostprocessing = 0;
		};
/* End PBXResourcesBuildPhase section */

/* Begin PBXSourcesBuildPhase section */
		43638CE51CF74AB700A329E0 /* Sources */ = {
			isa = PBXSourcesBuildPhase;
			buildActionMask = 2147483647;
			files = (
				43638D221CF75D5D00A329E0 /* Tag.m in Sources */,
				43638D1F1CF75D5D00A329E0 /* Receipt+CoreDataProperties.m in Sources */,
				43638CFA1CF74AB700A329E0 /* Receipts__.xcdatamodeld in Sources */,
				43638D211CF75D5D00A329E0 /* Tag+CoreDataProperties.m in Sources */,
				43638CF41CF74AB700A329E0 /* ViewController.m in Sources */,
				43638CF11CF74AB700A329E0 /* AppDelegate.m in Sources */,
				43638D081CF7527000A329E0 /* ReceiptViewController.m in Sources */,
				43638D201CF75D5D00A329E0 /* Receipt.m in Sources */,
				43638CEE1CF74AB700A329E0 /* main.m in Sources */,
			);
			runOnlyForDeploymentPostprocessing = 0;
		};
/* End PBXSourcesBuildPhase section */

/* Begin PBXVariantGroup section */
		43638CF51CF74AB700A329E0 /* Main.storyboard */ = {
			isa = PBXVariantGroup;
			children = (
				43638CF61CF74AB700A329E0 /* Base */,
			);
			name = Main.storyboard;
			sourceTree = "<group>";
		};
		43638CFD1CF74AB700A329E0 /* LaunchScreen.storyboard */ = {
			isa = PBXVariantGroup;
			children = (
				43638CFE1CF74AB700A329E0 /* Base */,
			);
			name = LaunchScreen.storyboard;
			sourceTree = "<group>";
		};
/* End PBXVariantGroup section */

/* Begin XCBuildConfiguration section */
		43638D011CF74AB700A329E0 /* Debug */ = {
			isa = XCBuildConfiguration;
			buildSettings = {
				ALWAYS_SEARCH_USER_PATHS = NO;
				CLANG_ANALYZER_NONNULL = YES;
				CLANG_CXX_LANGUAGE_STANDARD = "gnu++0x";
				CLANG_CXX_LIBRARY = "libc++";
				CLANG_ENABLE_MODULES = YES;
				CLANG_ENABLE_OBJC_ARC = YES;
				CLANG_WARN_BOOL_CONVERSION = YES;
				CLANG_WARN_CONSTANT_CONVERSION = YES;
				CLANG_WARN_DIRECT_OBJC_ISA_USAGE = YES_ERROR;
				CLANG_WARN_EMPTY_BODY = YES;
				CLANG_WARN_ENUM_CONVERSION = YES;
				CLANG_WARN_INT_CONVERSION = YES;
				CLANG_WARN_OBJC_ROOT_CLASS = YES_ERROR;
				CLANG_WARN_UNREACHABLE_CODE = YES;
				CLANG_WARN__DUPLICATE_METHOD_MATCH = YES;
				"CODE_SIGN_IDENTITY[sdk=iphoneos*]" = "iPhone Developer";
				COPY_PHASE_STRIP = NO;
				DEBUG_INFORMATION_FORMAT = dwarf;
				ENABLE_STRICT_OBJC_MSGSEND = YES;
				ENABLE_TESTABILITY = YES;
				GCC_C_LANGUAGE_STANDARD = gnu99;
				GCC_DYNAMIC_NO_PIC = NO;
				GCC_NO_COMMON_BLOCKS = YES;
				GCC_OPTIMIZATION_LEVEL = 0;
				GCC_PREPROCESSOR_DEFINITIONS = (
					"DEBUG=1",
					"$(inherited)",
				);
				GCC_WARN_64_TO_32_BIT_CONVERSION = YES;
				GCC_WARN_ABOUT_RETURN_TYPE = YES_ERROR;
				GCC_WARN_UNDECLARED_SELECTOR = YES;
				GCC_WARN_UNINITIALIZED_AUTOS = YES_AGGRESSIVE;
				GCC_WARN_UNUSED_FUNCTION = YES;
				GCC_WARN_UNUSED_VARIABLE = YES;
				IPHONEOS_DEPLOYMENT_TARGET = 9.3;
				MTL_ENABLE_DEBUG_INFO = YES;
				ONLY_ACTIVE_ARCH = YES;
				SDKROOT = iphoneos;
				TARGETED_DEVICE_FAMILY = "1,2";
			};
			name = Debug;
		};
		43638D021CF74AB700A329E0 /* Release */ = {
			isa = XCBuildConfiguration;
			buildSettings = {
				ALWAYS_SEARCH_USER_PATHS = NO;
				CLANG_ANALYZER_NONNULL = YES;
				CLANG_CXX_LANGUAGE_STANDARD = "gnu++0x";
				CLANG_CXX_LIBRARY = "libc++";
				CLANG_ENABLE_MODULES = YES;
				CLANG_ENABLE_OBJC_ARC = YES;
				CLANG_WARN_BOOL_CONVERSION = YES;
				CLANG_WARN_CONSTANT_CONVERSION = YES;
				CLANG_WARN_DIRECT_OBJC_ISA_USAGE = YES_ERROR;
				CLANG_WARN_EMPTY_BODY = YES;
				CLANG_WARN_ENUM_CONVERSION = YES;
				CLANG_WARN_INT_CONVERSION = YES;
				CLANG_WARN_OBJC_ROOT_CLASS = YES_ERROR;
				CLANG_WARN_UNREACHABLE_CODE = YES;
				CLANG_WARN__DUPLICATE_METHOD_MATCH = YES;
				"CODE_SIGN_IDENTITY[sdk=iphoneos*]" = "iPhone Developer";
				COPY_PHASE_STRIP = NO;
				DEBUG_INFORMATION_FORMAT = "dwarf-with-dsym";
				ENABLE_NS_ASSERTIONS = NO;
				ENABLE_STRICT_OBJC_MSGSEND = YES;
				GCC_C_LANGUAGE_STANDARD = gnu99;
				GCC_NO_COMMON_BLOCKS = YES;
				GCC_WARN_64_TO_32_BIT_CONVERSION = YES;
				GCC_WARN_ABOUT_RETURN_TYPE = YES_ERROR;
				GCC_WARN_UNDECLARED_SELECTOR = YES;
				GCC_WARN_UNINITIALIZED_AUTOS = YES_AGGRESSIVE;
				GCC_WARN_UNUSED_FUNCTION = YES;
				GCC_WARN_UNUSED_VARIABLE = YES;
				IPHONEOS_DEPLOYMENT_TARGET = 9.3;
				MTL_ENABLE_DEBUG_INFO = NO;
				SDKROOT = iphoneos;
				TARGETED_DEVICE_FAMILY = "1,2";
				VALIDATE_PRODUCT = YES;
			};
			name = Release;
		};
		43638D041CF74AB700A329E0 /* Debug */ = {
			isa = XCBuildConfiguration;
			buildSettings = {
				ASSETCATALOG_COMPILER_APPICON_NAME = AppIcon;
				INFOPLIST_FILE = "Receipts++/Info.plist";
				LD_RUNPATH_SEARCH_PATHS = "$(inherited) @executable_path/Frameworks";
				PRODUCT_BUNDLE_IDENTIFIER = "Vectura.Receipts--";
				PRODUCT_NAME = "$(TARGET_NAME)";
			};
			name = Debug;
		};
		43638D051CF74AB700A329E0 /* Release */ = {
			isa = XCBuildConfiguration;
			buildSettings = {
				ASSETCATALOG_COMPILER_APPICON_NAME = AppIcon;
				INFOPLIST_FILE = "Receipts++/Info.plist";
				LD_RUNPATH_SEARCH_PATHS = "$(inherited) @executable_path/Frameworks";
				PRODUCT_BUNDLE_IDENTIFIER = "Vectura.Receipts--";
				PRODUCT_NAME = "$(TARGET_NAME)";
			};
			name = Release;
		};
/* End XCBuildConfiguration section */

/* Begin XCConfigurationList section */
		43638CE41CF74AB700A329E0 /* Build configuration list for PBXProject "Receipts++" */ = {
			isa = XCConfigurationList;
			buildConfigurations = (
				43638D011CF74AB700A329E0 /* Debug */,
				43638D021CF74AB700A329E0 /* Release */,
			);
			defaultConfigurationIsVisible = 0;
			defaultConfigurationName = Release;
		};
		43638D031CF74AB700A329E0 /* Build configuration list for PBXNativeTarget "Receipts++" */ = {
			isa = XCConfigurationList;
			buildConfigurations = (
				43638D041CF74AB700A329E0 /* Debug */,
				43638D051CF74AB700A329E0 /* Release */,
			);
			defaultConfigurationIsVisible = 0;
		};
/* End XCConfigurationList section */

/* Begin XCVersionGroup section */
		43638CF81CF74AB700A329E0 /* Receipts__.xcdatamodeld */ = {
			isa = XCVersionGroup;
			children = (
				43638CF91CF74AB700A329E0 /* Receipts__.xcdatamodel */,
			);
			currentVersion = 43638CF91CF74AB700A329E0 /* Receipts__.xcdatamodel */;
			path = Receipts__.xcdatamodeld;
			sourceTree = "<group>";
			versionGroupType = wrapper.xcdatamodel;
		};
/* End XCVersionGroup section */
	};
	rootObject = 43638CE11CF74AB700A329E0 /* Project object */;
}
